
Microsoft Visual Studio Solution File, Format Version 12.00
# Visual Studio Version 16
VisualStudioVersion = 16.0.30011.22
MinimumVisualStudioVersion = 10.0.40219.1
Project("{9A19103F-16F7-4668-BE54-9A1E7A4F7556}") = "ChatApp.Api", "ChatApp.Api\ChatApp.Api.csproj", "{A7074583-4CB3-430D-900D-5B6B040B3A08}"
EndProject
Project("{FAE04EC0-301F-11D3-BF4B-00C04F79EFBC}") = "ChatApp.Domain", "ChatApp.Domain\ChatApp.Domain.csproj", "{8F024A0F-F210-48F0-ACD6-0F06D0FAADB9}"
EndProject
Project("{FAE04EC0-301F-11D3-BF4B-00C04F79EFBC}") = "ChatApp.Dal", "ChatApp.Dal\ChatApp.Dal.csproj", "{FA246E3D-1FF1-463B-9800-92AF87851D2A}"
EndProject
Project("{FAE04EC0-301F-11D3-BF4B-00C04F79EFBC}") = "ChatApp.Application", "ChatApp.Application\ChatApp.Application.csproj", "{AAE77D7D-803B-4DA1-B29A-17BBB6207E51}"
EndProject
Global
	GlobalSection(SolutionConfigurationPlatforms) = preSolution
		Debug|Any CPU = Debug|Any CPU
		Release|Any CPU = Release|Any CPU
	EndGlobalSection
	GlobalSection(ProjectConfigurationPlatforms) = postSolution
		{A7074583-4CB3-430D-900D-5B6B040B3A08}.Debug|Any CPU.ActiveCfg = Debug|Any CPU
		{A7074583-4CB3-430D-900D-5B6B040B3A08}.Debug|Any CPU.Build.0 = Debug|Any CPU
		{A7074583-4CB3-430D-900D-5B6B040B3A08}.Release|Any CPU.ActiveCfg = Release|Any CPU
		{A7074583-4CB3-430D-900D-5B6B040B3A08}.Release|Any CPU.Build.0 = Release|Any CPU
		{8F024A0F-F210-48F0-ACD6-0F06D0FAADB9}.Debug|Any CPU.ActiveCfg = Debug|Any CPU
		{8F024A0F-F210-48F0-ACD6-0F06D0FAADB9}.Debug|Any CPU.Build.0 = Debug|Any CPU
		{8F024A0F-F210-48F0-ACD6-0F06D0FAADB9}.Release|Any CPU.ActiveCfg = Release|Any CPU
		{8F024A0F-F210-48F0-ACD6-0F06D0FAADB9}.Release|Any CPU.Build.0 = Release|Any CPU
		{FA246E3D-1FF1-463B-9800-92AF87851D2A}.Debug|Any CPU.ActiveCfg = Debug|Any CPU
		{FA246E3D-1FF1-463B-9800-92AF87851D2A}.Debug|Any CPU.Build.0 = Debug|Any CPU
		{FA246E3D-1FF1-463B-9800-92AF87851D2A}.Release|Any CPU.ActiveCfg = Release|Any CPU
		{FA246E3D-1FF1-463B-9800-92AF87851D2A}.Release|Any CPU.Build.0 = Release|Any CPU
		{AAE77D7D-803B-4DA1-B29A-17BBB6207E51}.Debug|Any CPU.ActiveCfg = Debug|Any CPU
		{AAE77D7D-803B-4DA1-B29A-17BBB6207E51}.Debug|Any CPU.Build.0 = Debug|Any CPU
		{AAE77D7D-803B-4DA1-B29A-17BBB6207E51}.Release|Any CPU.ActiveCfg = Release|Any CPU
		{AAE77D7D-803B-4DA1-B29A-17BBB6207E51}.Release|Any CPU.Build.0 = Release|Any CPU
	EndGlobalSection
	GlobalSection(SolutionProperties) = preSolution
		HideSolutionNode = FALSE
	EndGlobalSection
	GlobalSection(ExtensibilityGlobals) = postSolution
		SolutionGuid = {7BFDBC75-1D72-4571-B0E0-11D1C1EFB972}
	EndGlobalSection
EndGlobal
